
Microsoft Visual Studio Solution File, Format Version 12.00
# Visual Studio Version 16
VisualStudioVersion = 16.0.29728.190
MinimumVisualStudioVersion = 10.0.40219.1
Project("{FAE04EC0-301F-11D3-BF4B-00C04F79EFBC}") = "veritabani_sifreli_veri_yukleme_cekme", "veritabani_sifreli_veri_yukleme_cekme\veritabani_sifreli_veri_yukleme_cekme.csproj", "{BF5F689A-0CA7-48B7-94BD-8553DD7BBF3D}"
EndProject
Global
	GlobalSection(SolutionConfigurationPlatforms) = preSolution
		Debug|Any CPU = Debug|Any CPU
		Release|Any CPU = Release|Any CPU
	EndGlobalSection
	GlobalSection(ProjectConfigurationPlatforms) = postSolution
		{BF5F689A-0CA7-48B7-94BD-8553DD7BBF3D}.Debug|Any CPU.ActiveCfg = Debug|Any CPU
		{BF5F689A-0CA7-48B7-94BD-8553DD7BBF3D}.Debug|Any CPU.Build.0 = Debug|Any CPU
		{BF5F689A-0CA7-48B7-94BD-8553DD7BBF3D}.Release|Any CPU.ActiveCfg = Release|Any CPU
		{BF5F689A-0CA7-48B7-94BD-8553DD7BBF3D}.Release|Any CPU.Build.0 = Release|Any CPU
	EndGlobalSection
	GlobalSection(SolutionProperties) = preSolution
		HideSolutionNode = FALSE
	EndGlobalSection
	GlobalSection(ExtensibilityGlobals) = postSolution
		SolutionGuid = {43133764-C42C-4472-A894-3576DE5E3C9A}
	EndGlobalSection
EndGlobal
